
Microsoft Visual Studio Solution File, Format Version 12.00
Project("{FAE04EC0-301F-11D3-BF4B-00C04F79EFBC}") = "DAL", "DAL\DAL.csproj", "{0CC17DEC-98FE-4279-B5E3-2FB9B64B3B55}"
EndProject
Project("{FAE04EC0-301F-11D3-BF4B-00C04F79EFBC}") = "Core", "Core\Core.csproj", "{4FD062DB-C73F-4774-A9B9-39D94A95EB0F}"
EndProject
Project("{FAE04EC0-301F-11D3-BF4B-00C04F79EFBC}") = "Business", "Business\Business.csproj", "{0A205A1B-8F56-4AF5-9D72-D7AFBBE3B6EC}"
EndProject
Project("{FAE04EC0-301F-11D3-BF4B-00C04F79EFBC}") = "App", "App\App.csproj", "{571ABEA2-72AF-47CF-956F-902781ED67DF}"
EndProject
Global
	GlobalSection(SolutionConfigurationPlatforms) = preSolution
		Debug|Any CPU = Debug|Any CPU
		Release|Any CPU = Release|Any CPU
	EndGlobalSection
	GlobalSection(ProjectConfigurationPlatforms) = postSolution
		{0CC17DEC-98FE-4279-B5E3-2FB9B64B3B55}.Debug|Any CPU.ActiveCfg = Debug|Any CPU
		{0CC17DEC-98FE-4279-B5E3-2FB9B64B3B55}.Debug|Any CPU.Build.0 = Debug|Any CPU
		{0CC17DEC-98FE-4279-B5E3-2FB9B64B3B55}.Release|Any CPU.ActiveCfg = Release|Any CPU
		{0CC17DEC-98FE-4279-B5E3-2FB9B64B3B55}.Release|Any CPU.Build.0 = Release|Any CPU
		{4FD062DB-C73F-4774-A9B9-39D94A95EB0F}.Debug|Any CPU.ActiveCfg = Debug|Any CPU
		{4FD062DB-C73F-4774-A9B9-39D94A95EB0F}.Debug|Any CPU.Build.0 = Debug|Any CPU
		{4FD062DB-C73F-4774-A9B9-39D94A95EB0F}.Release|Any CPU.ActiveCfg = Release|Any CPU
		{4FD062DB-C73F-4774-A9B9-39D94A95EB0F}.Release|Any CPU.Build.0 = Release|Any CPU
		{0A205A1B-8F56-4AF5-9D72-D7AFBBE3B6EC}.Debug|Any CPU.ActiveCfg = Debug|Any CPU
		{0A205A1B-8F56-4AF5-9D72-D7AFBBE3B6EC}.Debug|Any CPU.Build.0 = Debug|Any CPU
		{0A205A1B-8F56-4AF5-9D72-D7AFBBE3B6EC}.Release|Any CPU.ActiveCfg = Release|Any CPU
		{0A205A1B-8F56-4AF5-9D72-D7AFBBE3B6EC}.Release|Any CPU.Build.0 = Release|Any CPU
		{571ABEA2-72AF-47CF-956F-902781ED67DF}.Debug|Any CPU.ActiveCfg = Debug|Any CPU
		{571ABEA2-72AF-47CF-956F-902781ED67DF}.Debug|Any CPU.Build.0 = Debug|Any CPU
		{571ABEA2-72AF-47CF-956F-902781ED67DF}.Release|Any CPU.ActiveCfg = Release|Any CPU
		{571ABEA2-72AF-47CF-956F-902781ED67DF}.Release|Any CPU.Build.0 = Release|Any CPU
	EndGlobalSection
EndGlobal
